
Microsoft Visual Studio Solution File, Format Version 12.00
# Visual Studio Version 16
VisualStudioVersion = 16.0.30523.141
MinimumVisualStudioVersion = 10.0.40219.1
Project("{FAE04EC0-301F-11D3-BF4B-00C04F79EFBC}") = "ThinScaleFunctionalTests", "ThinScaleFunctionalTests\ThinScaleFunctionalTests.csproj", "{D6A2DFF2-1C2B-435C-AE99-515DA83C6CAE}"
EndProject
Global
	GlobalSection(SolutionConfigurationPlatforms) = preSolution
		Debug|Any CPU = Debug|Any CPU
		Release|Any CPU = Release|Any CPU
	EndGlobalSection
	GlobalSection(ProjectConfigurationPlatforms) = postSolution
		{D6A2DFF2-1C2B-435C-AE99-515DA83C6CAE}.Debug|Any CPU.ActiveCfg = Debug|Any CPU
		{D6A2DFF2-1C2B-435C-AE99-515DA83C6CAE}.Debug|Any CPU.Build.0 = Debug|Any CPU
		{D6A2DFF2-1C2B-435C-AE99-515DA83C6CAE}.Release|Any CPU.ActiveCfg = Release|Any CPU
		{D6A2DFF2-1C2B-435C-AE99-515DA83C6CAE}.Release|Any CPU.Build.0 = Release|Any CPU
	EndGlobalSection
	GlobalSection(SolutionProperties) = preSolution
		HideSolutionNode = FALSE
	EndGlobalSection
	GlobalSection(ExtensibilityGlobals) = postSolution
		SolutionGuid = {983A9784-AE43-4C57-878B-F18CC750E3C9}
	EndGlobalSection
EndGlobal
